
Microsoft Visual Studio Solution File, Format Version 12.00
# Visual Studio Version 17
VisualStudioVersion = 17.0.31611.283
MinimumVisualStudioVersion = 10.0.40219.1
Project("{9A19103F-16F7-4668-BE54-9A1E7A4F7556}") = "MauiApp1", "MauiApp1\MauiApp1.csproj", "{9FAA97CB-DC11-4DD5-BC32-9B3C3A5FABAD}"
EndProject
Project("{FAE04EC0-301F-11D3-BF4B-00C04F79EFBC}") = "SlowLibrary", "SlowLibrary\SlowLibrary.csproj", "{01F49B4D-C2DF-4266-A195-6A3771E07A21}"
EndProject
Project("{FAE04EC0-301F-11D3-BF4B-00C04F79EFBC}") = "ConsoleApp1", "ConsoleApp1\ConsoleApp1.csproj", "{81CC3770-1062-45BB-A73E-DA54C8BF222A}"
EndProject
Global
	GlobalSection(SolutionConfigurationPlatforms) = preSolution
		Debug|Any CPU = Debug|Any CPU
		Release|Any CPU = Release|Any CPU
	EndGlobalSection
	GlobalSection(ProjectConfigurationPlatforms) = postSolution
		{9FAA97CB-DC11-4DD5-BC32-9B3C3A5FABAD}.Debug|Any CPU.ActiveCfg = Debug|Any CPU
		{9FAA97CB-DC11-4DD5-BC32-9B3C3A5FABAD}.Debug|Any CPU.Build.0 = Debug|Any CPU
		{9FAA97CB-DC11-4DD5-BC32-9B3C3A5FABAD}.Debug|Any CPU.Deploy.0 = Debug|Any CPU
		{9FAA97CB-DC11-4DD5-BC32-9B3C3A5FABAD}.Release|Any CPU.ActiveCfg = Release|Any CPU
		{9FAA97CB-DC11-4DD5-BC32-9B3C3A5FABAD}.Release|Any CPU.Build.0 = Release|Any CPU
		{9FAA97CB-DC11-4DD5-BC32-9B3C3A5FABAD}.Release|Any CPU.Deploy.0 = Release|Any CPU
		{01F49B4D-C2DF-4266-A195-6A3771E07A21}.Debug|Any CPU.ActiveCfg = Debug|Any CPU
		{01F49B4D-C2DF-4266-A195-6A3771E07A21}.Debug|Any CPU.Build.0 = Debug|Any CPU
		{01F49B4D-C2DF-4266-A195-6A3771E07A21}.Release|Any CPU.ActiveCfg = Release|Any CPU
		{01F49B4D-C2DF-4266-A195-6A3771E07A21}.Release|Any CPU.Build.0 = Release|Any CPU
		{81CC3770-1062-45BB-A73E-DA54C8BF222A}.Debug|Any CPU.ActiveCfg = Debug|Any CPU
		{81CC3770-1062-45BB-A73E-DA54C8BF222A}.Debug|Any CPU.Build.0 = Debug|Any CPU
		{81CC3770-1062-45BB-A73E-DA54C8BF222A}.Release|Any CPU.ActiveCfg = Release|Any CPU
		{81CC3770-1062-45BB-A73E-DA54C8BF222A}.Release|Any CPU.Build.0 = Release|Any CPU
	EndGlobalSection
	GlobalSection(SolutionProperties) = preSolution
		HideSolutionNode = FALSE
	EndGlobalSection
	GlobalSection(ExtensibilityGlobals) = postSolution
		SolutionGuid = {61F7FB11-1E47-470C-91E2-47F8143E1572}
	EndGlobalSection
EndGlobal
